
Microsoft Visual Studio Solution File, Format Version 12.00
# Visual Studio Version 17
VisualStudioVersion = 17.0.31903.59
MinimumVisualStudioVersion = 10.0.40219.1
Project("{FAE04EC0-301F-11D3-BF4B-00C04F79EFBC}") = "Entities", "Entities\Entities.csproj", "{4D7F9A3A-F5ED-4B9E-8B95-982E93028CD7}"
EndProject
Project("{FAE04EC0-301F-11D3-BF4B-00C04F79EFBC}") = "Repositories", "Repositories\Repositories.csproj", "{B7DDE0EE-BDD1-4227-BB58-8FDFBF397397}"
EndProject
Project("{FAE04EC0-301F-11D3-BF4B-00C04F79EFBC}") = "LibraryApi", "LibraryApi\LibraryApi.csproj", "{476B31FA-C5AC-4EE6-9FD8-845B9151C3FB}"
EndProject
Global
	GlobalSection(SolutionConfigurationPlatforms) = preSolution
		Debug|Any CPU = Debug|Any CPU
		Release|Any CPU = Release|Any CPU
	EndGlobalSection
	GlobalSection(SolutionProperties) = preSolution
		HideSolutionNode = FALSE
	EndGlobalSection
	GlobalSection(ProjectConfigurationPlatforms) = postSolution
		{4D7F9A3A-F5ED-4B9E-8B95-982E93028CD7}.Debug|Any CPU.ActiveCfg = Debug|Any CPU
		{4D7F9A3A-F5ED-4B9E-8B95-982E93028CD7}.Debug|Any CPU.Build.0 = Debug|Any CPU
		{4D7F9A3A-F5ED-4B9E-8B95-982E93028CD7}.Release|Any CPU.ActiveCfg = Release|Any CPU
		{4D7F9A3A-F5ED-4B9E-8B95-982E93028CD7}.Release|Any CPU.Build.0 = Release|Any CPU
		{B7DDE0EE-BDD1-4227-BB58-8FDFBF397397}.Debug|Any CPU.ActiveCfg = Debug|Any CPU
		{B7DDE0EE-BDD1-4227-BB58-8FDFBF397397}.Debug|Any CPU.Build.0 = Debug|Any CPU
		{B7DDE0EE-BDD1-4227-BB58-8FDFBF397397}.Release|Any CPU.ActiveCfg = Release|Any CPU
		{B7DDE0EE-BDD1-4227-BB58-8FDFBF397397}.Release|Any CPU.Build.0 = Release|Any CPU
		{476B31FA-C5AC-4EE6-9FD8-845B9151C3FB}.Debug|Any CPU.ActiveCfg = Debug|Any CPU
		{476B31FA-C5AC-4EE6-9FD8-845B9151C3FB}.Debug|Any CPU.Build.0 = Debug|Any CPU
		{476B31FA-C5AC-4EE6-9FD8-845B9151C3FB}.Release|Any CPU.ActiveCfg = Release|Any CPU
		{476B31FA-C5AC-4EE6-9FD8-845B9151C3FB}.Release|Any CPU.Build.0 = Release|Any CPU
	EndGlobalSection
EndGlobal
